{
  "version": 4,
  "terraform_version": "1.9.3",
  "serial": 30,
  "lineage": "7951472b-1eb7-daf5-1415-71b75302757b",
  "outputs": {},
  "resources": [
    {
      "mode": "data",
      "type": "archive_file",
      "name": "default",
      "provider": "provider[\"registry.terraform.io/hashicorp/archive\"]",
      "instances": [
        {
          "schema_version": 0,
          "attributes": {
            "exclude_symlink_directories": null,
            "excludes": null,
            "id": "a8a3949d505f039b1679fdf9109a0efcfecdcf56",
            "output_base64sha256": "SBXMSwj1y2FVmY40UexdFKuwgC07/jIXvenpaA9xNpA=",
            "output_base64sha512": "ndYZPRzpZoBPkAScA4T3SrwfvVJN95v+r4fQ2R+SN3fywN73JFFXGs6KBbIeoqjPpPkAuh2nyyBWP5Qc+/AsEg==",
            "output_file_mode": null,
            "output_md5": "6147121b0d439a2eb76aa0484ea73eec",
            "output_path": "./function.zip",
            "output_sha": "a8a3949d505f039b1679fdf9109a0efcfecdcf56",
            "output_sha256": "4815cc4b08f5cb6155998e3451ec5d14abb0802d3bfe3217bde9e9680f713690",
            "output_sha512": "9dd6193d1ce966804f90049c0384f74abc1fbd524df79bfeaf87d0d91f923777f2c0def72451571ace8a05b21ea2a8cfa4f900ba1da7cb20563f941cfbf02c12",
            "output_size": 1378,
            "source": [],
            "source_content": null,
            "source_content_filename": null,
            "source_dir": "./dist",
            "source_file": null,
            "type": "zip"
          },
          "sensitive_attributes": []
        }
      ]
    },
    {
      "mode": "managed",
      "type": "google_cloudfunctions2_function",
      "name": "function",
      "provider": "provider[\"registry.terraform.io/hashicorp/google\"]",
      "instances": [
        {
          "status": "tainted",
          "schema_version": 0,
          "attributes": {
            "build_config": [
              {
                "automatic_update_policy": [],
                "build": "",
                "docker_repository": "",
                "entry_point": "onFileUpload",
                "environment_variables": {},
                "on_deploy_update_policy": [],
                "runtime": "nodejs18",
                "service_account": "",
                "source": [
                  {
                    "repo_source": [],
                    "storage_source": [
                      {
                        "bucket": "34945fb617ebb01c-gcf-source",
                        "generation": 0,
                        "object": "function.zip"
                      }
                    ]
                  }
                ],
                "worker_pool": ""
              }
            ],
            "description": "Creates background job triggered on file creation",
            "effective_labels": null,
            "environment": null,
            "event_trigger": [
              {
                "event_filters": [
                  {
                    "attribute": "bucket",
                    "operator": "",
                    "value": "fs-dev-files"
                  }
                ],
                "event_type": "google.cloud.storage.object.v1.finalized",
                "pubsub_topic": "",
                "retry_policy": "",
                "service_account_email": "",
                "trigger": "",
                "trigger_region": ""
              }
            ],
            "id": "projects/spending-money-762d0/locations/europe-west4/functions/background-job-on-file-creation",
            "kms_key_name": null,
            "labels": null,
            "location": "europe-west4",
            "name": "background-job-on-file-creation",
            "project": "spending-money-762d0",
            "service_config": [
              {
                "all_traffic_on_latest_revision": true,
                "available_cpu": "",
                "available_memory": "256M",
                "environment_variables": {
                  "GC_PROJECT_ID": "spending-money-762d0",
                  "GC_QUEUE_ID": "fs-dev-files-queue",
                  "GC_QUEUE_LOCATION": "europe-west4",
                  "SERVER_URL": "https://fs-server-air4cpn5za-ez.a.run.app"
                },
                "gcf_uri": "",
                "ingress_settings": "ALLOW_ALL",
                "max_instance_count": 10,
                "max_instance_request_concurrency": 0,
                "min_instance_count": 1,
                "secret_environment_variables": [],
                "secret_volumes": [],
                "service": "",
                "service_account_email": "nouro-fs@spending-money-762d0.iam.gserviceaccount.com",
                "timeout_seconds": 60,
                "uri": "",
                "vpc_connector": "",
                "vpc_connector_egress_settings": ""
              }
            ],
            "state": null,
            "terraform_labels": null,
            "timeouts": null,
            "update_time": null,
            "url": null
          },
          "sensitive_attributes": [
            [
              {
                "type": "get_attr",
                "value": "event_trigger"
              },
              {
                "type": "index",
                "value": {
                  "value": 0,
                  "type": "number"
                }
              },
              {
                "type": "get_attr",
                "value": "event_filters"
              }
            ],
            [
              {
                "type": "get_attr",
                "value": "service_config"
              },
              {
                "type": "index",
                "value": {
                  "value": 0,
                  "type": "number"
                }
              },
              {
                "type": "get_attr",
                "value": "environment_variables"
              },
              {
                "type": "index",
                "value": {
                  "value": "GC_PROJECT_ID",
                  "type": "string"
                }
              }
            ],
            [
              {
                "type": "get_attr",
                "value": "service_config"
              },
              {
                "type": "index",
                "value": {
                  "value": 0,
                  "type": "number"
                }
              },
              {
                "type": "get_attr",
                "value": "environment_variables"
              },
              {
                "type": "index",
                "value": {
                  "value": "GC_QUEUE_ID",
                  "type": "string"
                }
              }
            ],
            [
              {
                "type": "get_attr",
                "value": "service_config"
              },
              {
                "type": "index",
                "value": {
                  "value": 0,
                  "type": "number"
                }
              },
              {
                "type": "get_attr",
                "value": "environment_variables"
              },
              {
                "type": "index",
                "value": {
                  "value": "GC_QUEUE_LOCATION",
                  "type": "string"
                }
              }
            ],
            [
              {
                "type": "get_attr",
                "value": "service_config"
              },
              {
                "type": "index",
                "value": {
                  "value": 0,
                  "type": "number"
                }
              },
              {
                "type": "get_attr",
                "value": "environment_variables"
              },
              {
                "type": "index",
                "value": {
                  "value": "SERVER_URL",
                  "type": "string"
                }
              }
            ]
          ],
          "private": "eyJlMmJmYjczMC1lY2FhLTExZTYtOGY4OC0zNDM2M2JjN2M0YzAiOnsiY3JlYXRlIjozNjAwMDAwMDAwMDAwLCJkZWxldGUiOjM2MDAwMDAwMDAwMDAsInVwZGF0ZSI6MzYwMDAwMDAwMDAwMH19",
          "dependencies": [
            "data.archive_file.default",
            "google_storage_bucket.default",
            "google_storage_bucket_object.object",
            "random_id.default"
          ]
        }
      ]
    },
    {
      "mode": "managed",
      "type": "google_storage_bucket",
      "name": "default",
      "provider": "provider[\"registry.terraform.io/hashicorp/google\"]",
      "instances": [
        {
          "schema_version": 1,
          "attributes": {
            "autoclass": [],
            "cors": [],
            "custom_placement_config": [],
            "default_event_based_hold": false,
            "effective_labels": {},
            "enable_object_retention": false,
            "encryption": [],
            "force_destroy": false,
            "id": "34945fb617ebb01c-gcf-source",
            "labels": {},
            "lifecycle_rule": [],
            "location": "US",
            "logging": [],
            "name": "34945fb617ebb01c-gcf-source",
            "project": "spending-money-762d0",
            "project_number": 616872193290,
            "public_access_prevention": "inherited",
            "requester_pays": false,
            "retention_policy": [],
            "rpo": "DEFAULT",
            "self_link": "https://www.googleapis.com/storage/v1/b/34945fb617ebb01c-gcf-source",
            "soft_delete_policy": [
              {
                "effective_time": "2024-08-02T13:27:45.182Z",
                "retention_duration_seconds": 604800
              }
            ],
            "storage_class": "STANDARD",
            "terraform_labels": {},
            "timeouts": null,
            "uniform_bucket_level_access": true,
            "url": "gs://34945fb617ebb01c-gcf-source",
            "versioning": [],
            "website": []
          },
          "sensitive_attributes": [],
          "private": "eyJlMmJmYjczMC1lY2FhLTExZTYtOGY4OC0zNDM2M2JjN2M0YzAiOnsiY3JlYXRlIjo2MDAwMDAwMDAwMDAsInJlYWQiOjI0MDAwMDAwMDAwMCwidXBkYXRlIjoyNDAwMDAwMDAwMDB9LCJzY2hlbWFfdmVyc2lvbiI6IjEifQ==",
          "dependencies": [
            "random_id.default"
          ]
        }
      ]
    },
    {
      "mode": "managed",
      "type": "google_storage_bucket_object",
      "name": "object",
      "provider": "provider[\"registry.terraform.io/hashicorp/google\"]",
      "instances": [
        {
          "schema_version": 0,
          "attributes": {
            "bucket": "34945fb617ebb01c-gcf-source",
            "cache_control": "",
            "content": null,
            "content_disposition": "",
            "content_encoding": "",
            "content_language": "",
            "content_type": "application/zip",
            "crc32c": "LyW0Ag==",
            "customer_encryption": [],
            "detect_md5hash": "YUcSGw1Dmi63aqBITqc+7A==",
            "event_based_hold": false,
            "id": "34945fb617ebb01c-gcf-source-function.zip",
            "kms_key_name": "",
            "md5hash": "YUcSGw1Dmi63aqBITqc+7A==",
            "media_link": "https://storage.googleapis.com/download/storage/v1/b/34945fb617ebb01c-gcf-source/o/function.zip?generation=1722606488656895\u0026alt=media",
            "metadata": {},
            "name": "function.zip",
            "output_name": "function.zip",
            "retention": [],
            "self_link": "https://www.googleapis.com/storage/v1/b/34945fb617ebb01c-gcf-source/o/function.zip",
            "source": "./function.zip",
            "storage_class": "STANDARD",
            "temporary_hold": false,
            "timeouts": null
          },
          "sensitive_attributes": [
            [
              {
                "type": "get_attr",
                "value": "content"
              }
            ]
          ],
          "private": "eyJlMmJmYjczMC1lY2FhLTExZTYtOGY4OC0zNDM2M2JjN2M0YzAiOnsiY3JlYXRlIjoyNDAwMDAwMDAwMDAsImRlbGV0ZSI6MjQwMDAwMDAwMDAwLCJ1cGRhdGUiOjI0MDAwMDAwMDAwMH19",
          "dependencies": [
            "data.archive_file.default",
            "google_storage_bucket.default",
            "random_id.default"
          ]
        }
      ]
    },
    {
      "mode": "managed",
      "type": "random_id",
      "name": "default",
      "provider": "provider[\"registry.terraform.io/hashicorp/random\"]",
      "instances": [
        {
          "schema_version": 0,
          "attributes": {
            "b64_std": "NJRfthfrsBw=",
            "b64_url": "NJRfthfrsBw",
            "byte_length": 8,
            "dec": "3788758422215438364",
            "hex": "34945fb617ebb01c",
            "id": "NJRfthfrsBw",
            "keepers": null,
            "prefix": null
          },
          "sensitive_attributes": []
        }
      ]
    }
  ],
  "check_results": null
}
